// !$*UTF8*$!
{
	archiveVersion = 1;
	classes = {
	};
	objectVersion = 56;
	objects = {

/* Begin PBXBuildFile section */
		3F900FF52AAD884700890405 /* RealityKitContent in Frameworks */ = {isa = PBXBuildFile; productRef = 3F900FF42AAD884700890405 /* RealityKitContent */; };
		3F900FF72AAD884700890405 /* first_test_appApp.swift in Sources */ = {isa = PBXBuildFile; fileRef = 3F900FF62AAD884700890405 /* first_test_appApp.swift */; };
		3F900FF92AAD884700890405 /* ContentView.swift in Sources */ = {isa = PBXBuildFile; fileRef = 3F900FF82AAD884700890405 /* ContentView.swift */; };
		3F900FFB2AAD884900890405 /* Assets.xcassets in Resources */ = {isa = PBXBuildFile; fileRef = 3F900FFA2AAD884900890405 /* Assets.xcassets */; };
		3F900FFE2AAD884900890405 /* Preview Assets.xcassets in Resources */ = {isa = PBXBuildFile; fileRef = 3F900FFD2AAD884900890405 /* Preview Assets.xcassets */; };
		3F9010092AAD884900890405 /* first_test_appTests.swift in Sources */ = {isa = PBXBuildFile; fileRef = 3F9010082AAD884900890405 /* first_test_appTests.swift */; };
/* End PBXBuildFile section */

/* Begin PBXContainerItemProxy section */
		3F9010052AAD884900890405 /* PBXContainerItemProxy */ = {
			isa = PBXContainerItemProxy;
			containerPortal = 3F900FE72AAD884700890405 /* Project object */;
			proxyType = 1;
			remoteGlobalIDString = 3F900FEE2AAD884700890405;
			remoteInfo = "first test app";
		};
/* End PBXContainerItemProxy section */

/* Begin PBXFileReference section */
		3F900FEF2AAD884700890405 /* first test app.app */ = {isa = PBXFileReference; explicitFileType = wrapper.application; includeInIndex = 0; path = "first test app.app"; sourceTree = BUILT_PRODUCTS_DIR; };
		3F900FF32AAD884700890405 /* RealityKitContent */ = {isa = PBXFileReference; lastKnownFileType = wrapper; path = RealityKitContent; sourceTree = "<group>"; };
		3F900FF62AAD884700890405 /* first_test_appApp.swift */ = {isa = PBXFileReference; lastKnownFileType = sourcecode.swift; path = first_test_appApp.swift; sourceTree = "<group>"; };
		3F900FF82AAD884700890405 /* ContentView.swift */ = {isa = PBXFileReference; lastKnownFileType = sourcecode.swift; path = ContentView.swift; sourceTree = "<group>"; };
		3F900FFA2AAD884900890405 /* Assets.xcassets */ = {isa = PBXFileReference; lastKnownFileType = folder.assetcatalog; path = Assets.xcassets; sourceTree = "<group>"; };
		3F900FFD2AAD884900890405 /* Preview Assets.xcassets */ = {isa = PBXFileReference; lastKnownFileType = folder.assetcatalog; path = "Preview Assets.xcassets"; sourceTree = "<group>"; };
		3F900FFF2AAD884900890405 /* Info.plist */ = {isa = PBXFileReference; lastKnownFileType = text.plist.xml; path = Info.plist; sourceTree = "<group>"; };
		3F9010042AAD884900890405 /* first test appTests.xctest */ = {isa = PBXFileReference; explicitFileType = wrapper.cfbundle; includeInIndex = 0; path = "first test appTests.xctest"; sourceTree = BUILT_PRODUCTS_DIR; };
		3F9010082AAD884900890405 /* first_test_appTests.swift */ = {isa = PBXFileReference; lastKnownFileType = sourcecode.swift; path = first_test_appTests.swift; sourceTree = "<group>"; };
/* End PBXFileReference section */

/* Begin PBXFrameworksBuildPhase section */
		3F900FEC2AAD884700890405 /* Frameworks */ = {
			isa = PBXFrameworksBuildPhase;
			buildActionMask = 2147483647;
			files = (
				3F900FF52AAD884700890405 /* RealityKitContent in Frameworks */,
			);
			runOnlyForDeploymentPostprocessing = 0;
		};
		3F9010012AAD884900890405 /* Frameworks */ = {
			isa = PBXFrameworksBuildPhase;
			buildActionMask = 2147483647;
			files = (
			);
			runOnlyForDeploymentPostprocessing = 0;
		};
/* End PBXFrameworksBuildPhase section */

/* Begin PBXGroup section */
		3F900FE62AAD884700890405 = {
			isa = PBXGroup;
			children = (
				3F900FF12AAD884700890405 /* first test app */,
				3F900FF22AAD884700890405 /* Packages */,
				3F9010072AAD884900890405 /* first test appTests */,
				3F900FF02AAD884700890405 /* Products */,
			);
			sourceTree = "<group>";
		};
		3F900FF02AAD884700890405 /* Products */ = {
			isa = PBXGroup;
			children = (
				3F900FEF2AAD884700890405 /* first test app.app */,
				3F9010042AAD884900890405 /* first test appTests.xctest */,
			);
			name = Products;
			sourceTree = "<group>";
		};
		3F900FF12AAD884700890405 /* first test app */ = {
			isa = PBXGroup;
			children = (
				3F900FF62AAD884700890405 /* first_test_appApp.swift */,
				3F900FF82AAD884700890405 /* ContentView.swift */,
				3F900FFA2AAD884900890405 /* Assets.xcassets */,
				3F900FFF2AAD884900890405 /* Info.plist */,
				3F900FFC2AAD884900890405 /* Preview Content */,
			);
			path = "first test app";
			sourceTree = "<group>";
		};
		3F900FF22AAD884700890405 /* Packages */ = {
			isa = PBXGroup;
			children = (
				3F900FF32AAD884700890405 /* RealityKitContent */,
			);
			path = Packages;
			sourceTree = "<group>";
		};
		3F900FFC2AAD884900890405 /* Preview Content */ = {
			isa = PBXGroup;
			children = (
				3F900FFD2AAD884900890405 /* Preview Assets.xcassets */,
			);
			path = "Preview Content";
			sourceTree = "<group>";
		};
		3F9010072AAD884900890405 /* first test appTests */ = {
			isa = PBXGroup;
			children = (
				3F9010082AAD884900890405 /* first_test_appTests.swift */,
			);
			path = "first test appTests";
			sourceTree = "<group>";
		};
/* End PBXGroup section */

/* Begin PBXNativeTarget section */
		3F900FEE2AAD884700890405 /* first test app */ = {
			isa = PBXNativeTarget;
			buildConfigurationList = 3F90100C2AAD884900890405 /* Build configuration list for PBXNativeTarget "first test app" */;
			buildPhases = (
				3F900FEB2AAD884700890405 /* Sources */,
				3F900FEC2AAD884700890405 /* Frameworks */,
				3F900FED2AAD884700890405 /* Resources */,
			);
			buildRules = (
			);
			dependencies = (
			);
			name = "first test app";
			packageProductDependencies = (
				3F900FF42AAD884700890405 /* RealityKitContent */,
			);
			productName = "first test app";
			productReference = 3F900FEF2AAD884700890405 /* first test app.app */;
			productType = "com.apple.product-type.application";
		};
		3F9010032AAD884900890405 /* first test appTests */ = {
			isa = PBXNativeTarget;
			buildConfigurationList = 3F90100F2AAD884900890405 /* Build configuration list for PBXNativeTarget "first test appTests" */;
			buildPhases = (
				3F9010002AAD884900890405 /* Sources */,
				3F9010012AAD884900890405 /* Frameworks */,
				3F9010022AAD884900890405 /* Resources */,
			);
			buildRules = (
			);
			dependencies = (
				3F9010062AAD884900890405 /* PBXTargetDependency */,
			);
			name = "first test appTests";
			productName = "first test appTests";
			productReference = 3F9010042AAD884900890405 /* first test appTests.xctest */;
			productType = "com.apple.product-type.bundle.unit-test";
		};
/* End PBXNativeTarget section */

/* Begin PBXProject section */
		3F900FE72AAD884700890405 /* Project object */ = {
			isa = PBXProject;
			attributes = {
				BuildIndependentTargetsInParallel = 1;
				LastSwiftUpdateCheck = 1500;
				LastUpgradeCheck = 1500;
				TargetAttributes = {
					3F900FEE2AAD884700890405 = {
						CreatedOnToolsVersion = 15.0;
					};
					3F9010032AAD884900890405 = {
						CreatedOnToolsVersion = 15.0;
						TestTargetID = 3F900FEE2AAD884700890405;
					};
				};
			};
			buildConfigurationList = 3F900FEA2AAD884700890405 /* Build configuration list for PBXProject "first test app" */;
			compatibilityVersion = "Xcode 14.0";
			developmentRegion = en;
			hasScannedForEncodings = 0;
			knownRegions = (
				en,
				Base,
			);
			mainGroup = 3F900FE62AAD884700890405;
			productRefGroup = 3F900FF02AAD884700890405 /* Products */;
			projectDirPath = "";
			projectRoot = "";
			targets = (
				3F900FEE2AAD884700890405 /* first test app */,
				3F9010032AAD884900890405 /* first test appTests */,
			);
		};
/* End PBXProject section */

/* Begin PBXResourcesBuildPhase section */
		3F900FED2AAD884700890405 /* Resources */ = {
			isa = PBXResourcesBuildPhase;
			buildActionMask = 2147483647;
			files = (
				3F900FFE2AAD884900890405 /* Preview Assets.xcassets in Resources */,
				3F900FFB2AAD884900890405 /* Assets.xcassets in Resources */,
			);
			runOnlyForDeploymentPostprocessing = 0;
		};
		3F9010022AAD884900890405 /* Resources */ = {
			isa = PBXResourcesBuildPhase;
			buildActionMask = 2147483647;
			files = (
			);
			runOnlyForDeploymentPostprocessing = 0;
		};
/* End PBXResourcesBuildPhase section */

/* Begin PBXSourcesBuildPhase section */
		3F900FEB2AAD884700890405 /* Sources */ = {
			isa = PBXSourcesBuildPhase;
			buildActionMask = 2147483647;
			files = (
				3F900FF92AAD884700890405 /* ContentView.swift in Sources */,
				3F900FF72AAD884700890405 /* first_test_appApp.swift in Sources */,
			);
			runOnlyForDeploymentPostprocessing = 0;
		};
		3F9010002AAD884900890405 /* Sources */ = {
			isa = PBXSourcesBuildPhase;
			buildActionMask = 2147483647;
			files = (
				3F9010092AAD884900890405 /* first_test_appTests.swift in Sources */,
			);
			runOnlyForDeploymentPostprocessing = 0;
		};
/* End PBXSourcesBuildPhase section */

/* Begin PBXTargetDependency section */
		3F9010062AAD884900890405 /* PBXTargetDependency */ = {
			isa = PBXTargetDependency;
			target = 3F900FEE2AAD884700890405 /* first test app */;
			targetProxy = 3F9010052AAD884900890405 /* PBXContainerItemProxy */;
		};
/* End PBXTargetDependency section */

/* Begin XCBuildConfiguration section */
		3F90100A2AAD884900890405 /* Debug */ = {
			isa = XCBuildConfiguration;
			buildSettings = {
				ALWAYS_SEARCH_USER_PATHS = NO;
				ASSETCATALOG_COMPILER_GENERATE_SWIFT_ASSET_SYMBOL_EXTENSIONS = YES;
				CLANG_ANALYZER_NONNULL = YES;
				CLANG_ANALYZER_NUMBER_OBJECT_CONVERSION = YES_AGGRESSIVE;
				CLANG_CXX_LANGUAGE_STANDARD = "gnu++20";
				CLANG_ENABLE_MODULES = YES;
				CLANG_ENABLE_OBJC_ARC = YES;
				CLANG_ENABLE_OBJC_WEAK = YES;
				CLANG_WARN_BLOCK_CAPTURE_AUTORELEASING = YES;
				CLANG_WARN_BOOL_CONVERSION = YES;
				CLANG_WARN_COMMA = YES;
				CLANG_WARN_CONSTANT_CONVERSION = YES;
				CLANG_WARN_DEPRECATED_OBJC_IMPLEMENTATIONS = YES;
				CLANG_WARN_DIRECT_OBJC_ISA_USAGE = YES_ERROR;
				CLANG_WARN_DOCUMENTATION_COMMENTS = YES;
				CLANG_WARN_EMPTY_BODY = YES;
				CLANG_WARN_ENUM_CONVERSION = YES;
				CLANG_WARN_INFINITE_RECURSION = YES;
				CLANG_WARN_INT_CONVERSION = YES;
				CLANG_WARN_NON_LITERAL_NULL_CONVERSION = YES;
				CLANG_WARN_OBJC_IMPLICIT_RETAIN_SELF = YES;
				CLANG_WARN_OBJC_LITERAL_CONVERSION = YES;
				CLANG_WARN_OBJC_ROOT_CLASS = YES_ERROR;
				CLANG_WARN_QUOTED_INCLUDE_IN_FRAMEWORK_HEADER = YES;
				CLANG_WARN_RANGE_LOOP_ANALYSIS = YES;
				CLANG_WARN_STRICT_PROTOTYPES = YES;
				CLANG_WARN_SUSPICIOUS_MOVE = YES;
				CLANG_WARN_UNGUARDED_AVAILABILITY = YES_AGGRESSIVE;
				CLANG_WARN_UNREACHABLE_CODE = YES;
				CLANG_WARN__DUPLICATE_METHOD_MATCH = YES;
				COPY_PHASE_STRIP = NO;
				DEBUG_INFORMATION_FORMAT = dwarf;
				ENABLE_STRICT_OBJC_MSGSEND = YES;
				ENABLE_TESTABILITY = YES;
				ENABLE_USER_SCRIPT_SANDBOXING = YES;
				GCC_C_LANGUAGE_STANDARD = gnu17;
				GCC_DYNAMIC_NO_PIC = NO;
				GCC_NO_COMMON_BLOCKS = YES;
				GCC_OPTIMIZATION_LEVEL = 0;
				GCC_PREPROCESSOR_DEFINITIONS = (
					"DEBUG=1",
					"$(inherited)",
				);
				GCC_WARN_64_TO_32_BIT_CONVERSION = YES;
				GCC_WARN_ABOUT_RETURN_TYPE = YES_ERROR;
				GCC_WARN_UNDECLARED_SELECTOR = YES;
				GCC_WARN_UNINITIALIZED_AUTOS = YES_AGGRESSIVE;
				GCC_WARN_UNUSED_FUNCTION = YES;
				GCC_WARN_UNUSED_VARIABLE = YES;
				LOCALIZATION_PREFERS_STRING_CATALOGS = YES;
				MTL_ENABLE_DEBUG_INFO = INCLUDE_SOURCE;
				MTL_FAST_MATH = YES;
				ONLY_ACTIVE_ARCH = YES;
				SDKROOT = xros;
				SWIFT_ACTIVE_COMPILATION_CONDITIONS = "DEBUG $(inherited)";
				SWIFT_OPTIMIZATION_LEVEL = "-Onone";
				XROS_DEPLOYMENT_TARGET = 1.0;
			};
			name = Debug;
		};
		3F90100B2AAD884900890405 /* Release */ = {
			isa = XCBuildConfiguration;
			buildSettings = {
				ALWAYS_SEARCH_USER_PATHS = NO;
				ASSETCATALOG_COMPILER_GENERATE_SWIFT_ASSET_SYMBOL_EXTENSIONS = YES;
				CLANG_ANALYZER_NONNULL = YES;
				CLANG_ANALYZER_NUMBER_OBJECT_CONVERSION = YES_AGGRESSIVE;
				CLANG_CXX_LANGUAGE_STANDARD = "gnu++20";
				CLANG_ENABLE_MODULES = YES;
				CLANG_ENABLE_OBJC_ARC = YES;
				CLANG_ENABLE_OBJC_WEAK = YES;
				CLANG_WARN_BLOCK_CAPTURE_AUTORELEASING = YES;
				CLANG_WARN_BOOL_CONVERSION = YES;
				CLANG_WARN_COMMA = YES;
				CLANG_WARN_CONSTANT_CONVERSION = YES;
				CLANG_WARN_DEPRECATED_OBJC_IMPLEMENTATIONS = YES;
				CLANG_WARN_DIRECT_OBJC_ISA_USAGE = YES_ERROR;
				CLANG_WARN_DOCUMENTATION_COMMENTS = YES;
				CLANG_WARN_EMPTY_BODY = YES;
				CLANG_WARN_ENUM_CONVERSION = YES;
				CLANG_WARN_INFINITE_RECURSION = YES;
				CLANG_WARN_INT_CONVERSION = YES;
				CLANG_WARN_NON_LITERAL_NULL_CONVERSION = YES;
				CLANG_WARN_OBJC_IMPLICIT_RETAIN_SELF = YES;
				CLANG_WARN_OBJC_LITERAL_CONVERSION = YES;
				CLANG_WARN_OBJC_ROOT_CLASS = YES_ERROR;
				CLANG_WARN_QUOTED_INCLUDE_IN_FRAMEWORK_HEADER = YES;
				CLANG_WARN_RANGE_LOOP_ANALYSIS = YES;
				CLANG_WARN_STRICT_PROTOTYPES = YES;
				CLANG_WARN_SUSPICIOUS_MOVE = YES;
				CLANG_WARN_UNGUARDED_AVAILABILITY = YES_AGGRESSIVE;
				CLANG_WARN_UNREACHABLE_CODE = YES;
				CLANG_WARN__DUPLICATE_METHOD_MATCH = YES;
				COPY_PHASE_STRIP = NO;
				DEBUG_INFORMATION_FORMAT = "dwarf-with-dsym";
				ENABLE_NS_ASSERTIONS = NO;
				ENABLE_STRICT_OBJC_MSGSEND = YES;
				ENABLE_USER_SCRIPT_SANDBOXING = YES;
				GCC_C_LANGUAGE_STANDARD = gnu17;
				GCC_NO_COMMON_BLOCKS = YES;
				GCC_WARN_64_TO_32_BIT_CONVERSION = YES;
				GCC_WARN_ABOUT_RETURN_TYPE = YES_ERROR;
				GCC_WARN_UNDECLARED_SELECTOR = YES;
				GCC_WARN_UNINITIALIZED_AUTOS = YES_AGGRESSIVE;
				GCC_WARN_UNUSED_FUNCTION = YES;
				GCC_WARN_UNUSED_VARIABLE = YES;
				LOCALIZATION_PREFERS_STRING_CATALOGS = YES;
				MTL_ENABLE_DEBUG_INFO = NO;
				MTL_FAST_MATH = YES;
				SDKROOT = xros;
				SWIFT_COMPILATION_MODE = wholemodule;
				VALIDATE_PRODUCT = YES;
				XROS_DEPLOYMENT_TARGET = 1.0;
			};
			name = Release;
		};
		3F90100D2AAD884900890405 /* Debug */ = {
			isa = XCBuildConfiguration;
			buildSettings = {
				ASSETCATALOG_COMPILER_APPICON_NAME = AppIcon;
				ASSETCATALOG_COMPILER_GLOBAL_ACCENT_COLOR_NAME = AccentColor;
				CODE_SIGN_STYLE = Automatic;
				CURRENT_PROJECT_VERSION = 1;
				DEVELOPMENT_ASSET_PATHS = "\"first test app/Preview Content\"";
				ENABLE_PREVIEWS = YES;
				GENERATE_INFOPLIST_FILE = YES;
				INFOPLIST_FILE = "$(TARGET_NAME)/Info.plist";
				LD_RUNPATH_SEARCH_PATHS = (
					"$(inherited)",
					"@executable_path/Frameworks",
				);
				MARKETING_VERSION = 1.0;
				PRODUCT_BUNDLE_IDENTIFIER = "care.first-test-app";
				PRODUCT_NAME = "$(TARGET_NAME)";
				SUPPORTED_PLATFORMS = "xros xrsimulator";
				SWIFT_EMIT_LOC_STRINGS = YES;
				SWIFT_VERSION = 5.0;
				TARGETED_DEVICE_FAMILY = "1,2,7";
			};
			name = Debug;
		};
		3F90100E2AAD884900890405 /* Release */ = {
			isa = XCBuildConfiguration;
			buildSettings = {
				ASSETCATALOG_COMPILER_APPICON_NAME = AppIcon;
				ASSETCATALOG_COMPILER_GLOBAL_ACCENT_COLOR_NAME = AccentColor;
				CODE_SIGN_STYLE = Automatic;
				CURRENT_PROJECT_VERSION = 1;
				DEVELOPMENT_ASSET_PATHS = "\"first test app/Preview Content\"";
				ENABLE_PREVIEWS = YES;
				GENERATE_INFOPLIST_FILE = YES;
				INFOPLIST_FILE = "$(TARGET_NAME)/Info.plist";
				LD_RUNPATH_SEARCH_PATHS = (
					"$(inherited)",
					"@executable_path/Frameworks",
				);
				MARKETING_VERSION = 1.0;
				PRODUCT_BUNDLE_IDENTIFIER = "care.first-test-app";
				PRODUCT_NAME = "$(TARGET_NAME)";
				SUPPORTED_PLATFORMS = "xros xrsimulator";
				SWIFT_EMIT_LOC_STRINGS = YES;
				SWIFT_VERSION = 5.0;
				TARGETED_DEVICE_FAMILY = "1,2,7";
			};
			name = Release;
		};
		3F9010102AAD884900890405 /* Debug */ = {
			isa = XCBuildConfiguration;
			buildSettings = {
				ALWAYS_EMBED_SWIFT_STANDARD_LIBRARIES = YES;
				BUNDLE_LOADER = "$(TEST_HOST)";
				CODE_SIGN_STYLE = Automatic;
				CURRENT_PROJECT_VERSION = 1;
				GENERATE_INFOPLIST_FILE = YES;
				MARKETING_VERSION = 1.0;
				PRODUCT_BUNDLE_IDENTIFIER = "care.first-test-appTests";
				PRODUCT_NAME = "$(TARGET_NAME)";
				SUPPORTED_PLATFORMS = "xros xrsimulator";
				SWIFT_EMIT_LOC_STRINGS = NO;
				SWIFT_VERSION = 5.0;
				TARGETED_DEVICE_FAMILY = "1,2,7";
				TEST_HOST = "$(BUILT_PRODUCTS_DIR)/first test app.app/$(BUNDLE_EXECUTABLE_FOLDER_PATH)/first test app";
				XROS_DEPLOYMENT_TARGET = 1.0;
			};
			name = Debug;
		};
		3F9010112AAD884900890405 /* Release */ = {
			isa = XCBuildConfiguration;
			buildSettings = {
				ALWAYS_EMBED_SWIFT_STANDARD_LIBRARIES = YES;
				BUNDLE_LOADER = "$(TEST_HOST)";
				CODE_SIGN_STYLE = Automatic;
				CURRENT_PROJECT_VERSION = 1;
				GENERATE_INFOPLIST_FILE = YES;
				MARKETING_VERSION = 1.0;
				PRODUCT_BUNDLE_IDENTIFIER = "care.first-test-appTests";
				PRODUCT_NAME = "$(TARGET_NAME)";
				SUPPORTED_PLATFORMS = "xros xrsimulator";
				SWIFT_EMIT_LOC_STRINGS = NO;
				SWIFT_VERSION = 5.0;
				TARGETED_DEVICE_FAMILY = "1,2,7";
				TEST_HOST = "$(BUILT_PRODUCTS_DIR)/first test app.app/$(BUNDLE_EXECUTABLE_FOLDER_PATH)/first test app";
				XROS_DEPLOYMENT_TARGET = 1.0;
			};
			name = Release;
		};
/* End XCBuildConfiguration section */

/* Begin XCConfigurationList section */
		3F900FEA2AAD884700890405 /* Build configuration list for PBXProject "first test app" */ = {
			isa = XCConfigurationList;
			buildConfigurations = (
				3F90100A2AAD884900890405 /* Debug */,
				3F90100B2AAD884900890405 /* Release */,
			);
			defaultConfigurationIsVisible = 0;
			defaultConfigurationName = Release;
		};
		3F90100C2AAD884900890405 /* Build configuration list for PBXNativeTarget "first test app" */ = {
			isa = XCConfigurationList;
			buildConfigurations = (
				3F90100D2AAD884900890405 /* Debug */,
				3F90100E2AAD884900890405 /* Release */,
			);
			defaultConfigurationIsVisible = 0;
			defaultConfigurationName = Release;
		};
		3F90100F2AAD884900890405 /* Build configuration list for PBXNativeTarget "first test appTests" */ = {
			isa = XCConfigurationList;
			buildConfigurations = (
				3F9010102AAD884900890405 /* Debug */,
				3F9010112AAD884900890405 /* Release */,
			);
			defaultConfigurationIsVisible = 0;
			defaultConfigurationName = Release;
		};
/* End XCConfigurationList section */

/* Begin XCSwiftPackageProductDependency section */
		3F900FF42AAD884700890405 /* RealityKitContent */ = {
			isa = XCSwiftPackageProductDependency;
			productName = RealityKitContent;
		};
/* End XCSwiftPackageProductDependency section */
	};
	rootObject = 3F900FE72AAD884700890405 /* Project object */;
}
